
Microsoft Visual Studio Solution File, Format Version 12.00
# Visual Studio 15
Project("{FAE04EC0-301F-11D3-BF4B-00C04F79EFBC}") = "Assembly-CSharp", "Assembly-CSharp.csproj", "{AFA30854-A1A2-2B24-FA51-7165518A0056}"
EndProject
Project("{FAE04EC0-301F-11D3-BF4B-00C04F79EFBC}") = "Assembly-CSharp", "Assembly-CSharp.Player.csproj", "{48ACC7E8-A913-946F-F7EB-12D4BA0AE449}"
EndProject
Global
	GlobalSection(SolutionConfigurationPlatforms) = preSolution
		Debug|Any CPU = Debug|Any CPU
		Release|Any CPU = Release|Any CPU
	EndGlobalSection
	GlobalSection(ProjectConfigurationPlatforms) = postSolution
		{AFA30854-A1A2-2B24-FA51-7165518A0056}.Debug|Any CPU.ActiveCfg = Debug|Any CPU
		{AFA30854-A1A2-2B24-FA51-7165518A0056}.Debug|Any CPU.Build.0 = Debug|Any CPU
		{AFA30854-A1A2-2B24-FA51-7165518A0056}.Release|Any CPU.ActiveCfg = Release|Any CPU
		{AFA30854-A1A2-2B24-FA51-7165518A0056}.Release|Any CPU.Build.0 = Release|Any CPU
		{48ACC7E8-A913-946F-F7EB-12D4BA0AE449}.Debug|Any CPU.ActiveCfg = Debug|Any CPU
		{48ACC7E8-A913-946F-F7EB-12D4BA0AE449}.Debug|Any CPU.Build.0 = Debug|Any CPU
		{48ACC7E8-A913-946F-F7EB-12D4BA0AE449}.Release|Any CPU.ActiveCfg = Release|Any CPU
		{48ACC7E8-A913-946F-F7EB-12D4BA0AE449}.Release|Any CPU.Build.0 = Release|Any CPU
	EndGlobalSection
	GlobalSection(SolutionProperties) = preSolution
		HideSolutionNode = FALSE
	EndGlobalSection
EndGlobal
